
Microsoft Visual Studio Solution File, Format Version 12.00
# Visual Studio 2012
Project("{FAE04EC0-301F-11D3-BF4B-00C04F79EFBC}") = "TileMapEditor", "TileMapEditor\TileMapEditor.csproj", "{8F835641-6F3B-4D01-A981-59993F6B2F1A}"
EndProject
Project("{96E2B04D-8817-42C6-938A-82C39BA4D311}") = "Content", "Content\Content.contentproj", "{C102D227-0E6E-4FFB-B641-9112260790F8}"
EndProject
Project("{FAE04EC0-301F-11D3-BF4B-00C04F79EFBC}") = "ContentLibrary", "ContentLibrary\ContentLibrary.csproj", "{0CA48D3C-22D7-44FD-B0D5-ABA0032EB31A}"
EndProject
Global
	GlobalSection(SolutionConfigurationPlatforms) = preSolution
		Debug|Any CPU = Debug|Any CPU
		Debug|Mixed Platforms = Debug|Mixed Platforms
		Debug|x86 = Debug|x86
		Release|Any CPU = Release|Any CPU
		Release|Mixed Platforms = Release|Mixed Platforms
		Release|x86 = Release|x86
	EndGlobalSection
	GlobalSection(ProjectConfigurationPlatforms) = postSolution
		{8F835641-6F3B-4D01-A981-59993F6B2F1A}.Debug|Any CPU.ActiveCfg = Debug|Any CPU
		{8F835641-6F3B-4D01-A981-59993F6B2F1A}.Debug|Any CPU.Build.0 = Debug|Any CPU
		{8F835641-6F3B-4D01-A981-59993F6B2F1A}.Debug|Mixed Platforms.ActiveCfg = Debug|Any CPU
		{8F835641-6F3B-4D01-A981-59993F6B2F1A}.Debug|Mixed Platforms.Build.0 = Debug|Any CPU
		{8F835641-6F3B-4D01-A981-59993F6B2F1A}.Debug|x86.ActiveCfg = Debug|Any CPU
		{8F835641-6F3B-4D01-A981-59993F6B2F1A}.Release|Any CPU.ActiveCfg = Release|Any CPU
		{8F835641-6F3B-4D01-A981-59993F6B2F1A}.Release|Any CPU.Build.0 = Release|Any CPU
		{8F835641-6F3B-4D01-A981-59993F6B2F1A}.Release|Mixed Platforms.ActiveCfg = Release|Any CPU
		{8F835641-6F3B-4D01-A981-59993F6B2F1A}.Release|Mixed Platforms.Build.0 = Release|Any CPU
		{8F835641-6F3B-4D01-A981-59993F6B2F1A}.Release|x86.ActiveCfg = Release|Any CPU
		{C102D227-0E6E-4FFB-B641-9112260790F8}.Debug|Any CPU.ActiveCfg = Debug|Any CPU
		{C102D227-0E6E-4FFB-B641-9112260790F8}.Debug|Mixed Platforms.ActiveCfg = Debug|Any CPU
		{C102D227-0E6E-4FFB-B641-9112260790F8}.Debug|x86.ActiveCfg = Debug|Any CPU
		{C102D227-0E6E-4FFB-B641-9112260790F8}.Release|Any CPU.ActiveCfg = Debug|Any CPU
		{C102D227-0E6E-4FFB-B641-9112260790F8}.Release|Mixed Platforms.ActiveCfg = Debug|Any CPU
		{C102D227-0E6E-4FFB-B641-9112260790F8}.Release|x86.ActiveCfg = Debug|Any CPU
		{0CA48D3C-22D7-44FD-B0D5-ABA0032EB31A}.Debug|Any CPU.ActiveCfg = Debug|x86
		{0CA48D3C-22D7-44FD-B0D5-ABA0032EB31A}.Debug|Mixed Platforms.ActiveCfg = Debug|x86
		{0CA48D3C-22D7-44FD-B0D5-ABA0032EB31A}.Debug|Mixed Platforms.Build.0 = Debug|x86
		{0CA48D3C-22D7-44FD-B0D5-ABA0032EB31A}.Debug|x86.ActiveCfg = Debug|x86
		{0CA48D3C-22D7-44FD-B0D5-ABA0032EB31A}.Debug|x86.Build.0 = Debug|x86
		{0CA48D3C-22D7-44FD-B0D5-ABA0032EB31A}.Release|Any CPU.ActiveCfg = Release|x86
		{0CA48D3C-22D7-44FD-B0D5-ABA0032EB31A}.Release|Mixed Platforms.ActiveCfg = Release|x86
		{0CA48D3C-22D7-44FD-B0D5-ABA0032EB31A}.Release|Mixed Platforms.Build.0 = Release|x86
		{0CA48D3C-22D7-44FD-B0D5-ABA0032EB31A}.Release|x86.ActiveCfg = Release|x86
		{0CA48D3C-22D7-44FD-B0D5-ABA0032EB31A}.Release|x86.Build.0 = Release|x86
	EndGlobalSection
	GlobalSection(SolutionProperties) = preSolution
		HideSolutionNode = FALSE
	EndGlobalSection
EndGlobal
